// !$*UTF8*$!
{
	archiveVersion = 1;
	classes = {
	};
	objectVersion = 50;
	objects = {

/* Begin PBXBuildFile section */
		AA76745A20FB6D1A004EE181 /* Seat_SolverTests.swift in Sources */ = {isa = PBXBuildFile; fileRef = AA76745920FB6D1A004EE181 /* Seat_SolverTests.swift */; };
		AA76747220FB6D5C004EE181 /* ViewController.swift in Sources */ = {isa = PBXBuildFile; fileRef = AA76746520FB6D5C004EE181 /* ViewController.swift */; };
		AA76747320FB6D5C004EE181 /* Assets.xcassets in Resources */ = {isa = PBXBuildFile; fileRef = AA76746720FB6D5C004EE181 /* Assets.xcassets */; };
		AA76747420FB6D5C004EE181 /* LaunchScreen.storyboard in Resources */ = {isa = PBXBuildFile; fileRef = AA76746820FB6D5C004EE181 /* LaunchScreen.storyboard */; };
		AA76747520FB6D5C004EE181 /* Main.storyboard in Resources */ = {isa = PBXBuildFile; fileRef = AA76746A20FB6D5C004EE181 /* Main.storyboard */; };
		AA76747620FB6D5C004EE181 /* Seat_Solver.xcdatamodeld in Sources */ = {isa = PBXBuildFile; fileRef = AA76746D20FB6D5C004EE181 /* Seat_Solver.xcdatamodeld */; };
		AA76747720FB6D5C004EE181 /* AppDelegate.swift in Sources */ = {isa = PBXBuildFile; fileRef = AA76747020FB6D5C004EE181 /* AppDelegate.swift */; };
		AA76747B20FB6EFE004EE181 /* DemoData.csv in Resources */ = {isa = PBXBuildFile; fileRef = AA76747A20FB6EFE004EE181 /* DemoData.csv */; };
/* End PBXBuildFile section */

/* Begin PBXContainerItemProxy section */
		AA76745620FB6D1A004EE181 /* PBXContainerItemProxy */ = {
			isa = PBXContainerItemProxy;
			containerPortal = AA76743620FB6D18004EE181 /* Project object */;
			proxyType = 1;
			remoteGlobalIDString = AA76743D20FB6D18004EE181;
			remoteInfo = "Seat Solver";
		};
/* End PBXContainerItemProxy section */

/* Begin PBXFileReference section */
		AA76743E20FB6D18004EE181 /* Seat Solver.app */ = {isa = PBXFileReference; explicitFileType = wrapper.application; includeInIndex = 0; path = "Seat Solver.app"; sourceTree = BUILT_PRODUCTS_DIR; };
		AA76745520FB6D1A004EE181 /* Seat SolverTests.xctest */ = {isa = PBXFileReference; explicitFileType = wrapper.cfbundle; includeInIndex = 0; path = "Seat SolverTests.xctest"; sourceTree = BUILT_PRODUCTS_DIR; };
		AA76745920FB6D1A004EE181 /* Seat_SolverTests.swift */ = {isa = PBXFileReference; lastKnownFileType = sourcecode.swift; path = Seat_SolverTests.swift; sourceTree = "<group>"; };
		AA76745B20FB6D1A004EE181 /* Info.plist */ = {isa = PBXFileReference; lastKnownFileType = text.plist.xml; path = Info.plist; sourceTree = "<group>"; };
		AA76746520FB6D5C004EE181 /* ViewController.swift */ = {isa = PBXFileReference; fileEncoding = 4; lastKnownFileType = sourcecode.swift; path = ViewController.swift; sourceTree = "<group>"; };
		AA76746720FB6D5C004EE181 /* Assets.xcassets */ = {isa = PBXFileReference; lastKnownFileType = folder.assetcatalog; path = Assets.xcassets; sourceTree = "<group>"; };
		AA76746920FB6D5C004EE181 /* Base */ = {isa = PBXFileReference; lastKnownFileType = file.storyboard; name = Base; path = Base.lproj/LaunchScreen.storyboard; sourceTree = "<group>"; };
		AA76746B20FB6D5C004EE181 /* Base */ = {isa = PBXFileReference; lastKnownFileType = file.storyboard; name = Base; path = Base.lproj/Main.storyboard; sourceTree = "<group>"; };
		AA76746E20FB6D5C004EE181 /* Seat_Solver.xcdatamodel */ = {isa = PBXFileReference; lastKnownFileType = wrapper.xcdatamodel; path = Seat_Solver.xcdatamodel; sourceTree = "<group>"; };
		AA76747020FB6D5C004EE181 /* AppDelegate.swift */ = {isa = PBXFileReference; fileEncoding = 4; lastKnownFileType = sourcecode.swift; path = AppDelegate.swift; sourceTree = "<group>"; };
		AA76747120FB6D5C004EE181 /* Info.plist */ = {isa = PBXFileReference; fileEncoding = 4; lastKnownFileType = text.plist.xml; path = Info.plist; sourceTree = "<group>"; };
		AA76747A20FB6EFE004EE181 /* DemoData.csv */ = {isa = PBXFileReference; fileEncoding = 4; lastKnownFileType = text; path = DemoData.csv; sourceTree = "<group>"; };
/* End PBXFileReference section */

/* Begin PBXFrameworksBuildPhase section */
		AA76743B20FB6D18004EE181 /* Frameworks */ = {
			isa = PBXFrameworksBuildPhase;
			buildActionMask = 2147483647;
			files = (
			);
			runOnlyForDeploymentPostprocessing = 0;
		};
		AA76745220FB6D1A004EE181 /* Frameworks */ = {
			isa = PBXFrameworksBuildPhase;
			buildActionMask = 2147483647;
			files = (
			);
			runOnlyForDeploymentPostprocessing = 0;
		};
/* End PBXFrameworksBuildPhase section */

/* Begin PBXGroup section */
		AA76743520FB6D18004EE181 = {
			isa = PBXGroup;
			children = (
				AA76746420FB6D5C004EE181 /* Seat Solver */,
				AA76745820FB6D1A004EE181 /* Seat SolverTests */,
				AA76743F20FB6D18004EE181 /* Products */,
			);
			sourceTree = "<group>";
		};
		AA76743F20FB6D18004EE181 /* Products */ = {
			isa = PBXGroup;
			children = (
				AA76743E20FB6D18004EE181 /* Seat Solver.app */,
				AA76745520FB6D1A004EE181 /* Seat SolverTests.xctest */,
			);
			name = Products;
			sourceTree = "<group>";
		};
		AA76745820FB6D1A004EE181 /* Seat SolverTests */ = {
			isa = PBXGroup;
			children = (
				AA76745920FB6D1A004EE181 /* Seat_SolverTests.swift */,
				AA76745B20FB6D1A004EE181 /* Info.plist */,
			);
			path = "Seat SolverTests";
			sourceTree = "<group>";
		};
		AA76746420FB6D5C004EE181 /* Seat Solver */ = {
			isa = PBXGroup;
			children = (
				AA76747920FB6EFE004EE181 /* Mock */,
				AA76746520FB6D5C004EE181 /* ViewController.swift */,
				AA76746620FB6D5C004EE181 /* Resources */,
				AA76746820FB6D5C004EE181 /* LaunchScreen.storyboard */,
				AA76746A20FB6D5C004EE181 /* Main.storyboard */,
				AA76746C20FB6D5C004EE181 /* Model */,
				AA76746F20FB6D5C004EE181 /* Application */,
			);
			path = "Seat Solver";
			sourceTree = "<group>";
		};
		AA76746620FB6D5C004EE181 /* Resources */ = {
			isa = PBXGroup;
			children = (
				AA76746720FB6D5C004EE181 /* Assets.xcassets */,
			);
			path = Resources;
			sourceTree = "<group>";
		};
		AA76746C20FB6D5C004EE181 /* Model */ = {
			isa = PBXGroup;
			children = (
				AA76746D20FB6D5C004EE181 /* Seat_Solver.xcdatamodeld */,
			);
			path = Model;
			sourceTree = "<group>";
		};
		AA76746F20FB6D5C004EE181 /* Application */ = {
			isa = PBXGroup;
			children = (
				AA76747020FB6D5C004EE181 /* AppDelegate.swift */,
				AA76747120FB6D5C004EE181 /* Info.plist */,
			);
			path = Application;
			sourceTree = "<group>";
		};
		AA76747920FB6EFE004EE181 /* Mock */ = {
			isa = PBXGroup;
			children = (
				AA76747A20FB6EFE004EE181 /* DemoData.csv */,
			);
			path = Mock;
			sourceTree = "<group>";
		};
/* End PBXGroup section */

/* Begin PBXNativeTarget section */
		AA76743D20FB6D18004EE181 /* Seat Solver */ = {
			isa = PBXNativeTarget;
			buildConfigurationList = AA76745E20FB6D1A004EE181 /* Build configuration list for PBXNativeTarget "Seat Solver" */;
			buildPhases = (
				AA76743A20FB6D18004EE181 /* Sources */,
				AA76743B20FB6D18004EE181 /* Frameworks */,
				AA76743C20FB6D18004EE181 /* Resources */,
			);
			buildRules = (
			);
			dependencies = (
			);
			name = "Seat Solver";
			productName = "Seat Solver";
			productReference = AA76743E20FB6D18004EE181 /* Seat Solver.app */;
			productType = "com.apple.product-type.application";
		};
		AA76745420FB6D1A004EE181 /* Seat SolverTests */ = {
			isa = PBXNativeTarget;
			buildConfigurationList = AA76746120FB6D1A004EE181 /* Build configuration list for PBXNativeTarget "Seat SolverTests" */;
			buildPhases = (
				AA76745120FB6D1A004EE181 /* Sources */,
				AA76745220FB6D1A004EE181 /* Frameworks */,
				AA76745320FB6D1A004EE181 /* Resources */,
			);
			buildRules = (
			);
			dependencies = (
				AA76745720FB6D1A004EE181 /* PBXTargetDependency */,
			);
			name = "Seat SolverTests";
			productName = "Seat SolverTests";
			productReference = AA76745520FB6D1A004EE181 /* Seat SolverTests.xctest */;
			productType = "com.apple.product-type.bundle.unit-test";
		};
/* End PBXNativeTarget section */

/* Begin PBXProject section */
		AA76743620FB6D18004EE181 /* Project object */ = {
			isa = PBXProject;
			attributes = {
				LastSwiftUpdateCheck = 0930;
				LastUpgradeCheck = 0930;
				ORGANIZATIONNAME = "Christian Bieniak";
				TargetAttributes = {
					AA76743D20FB6D18004EE181 = {
						CreatedOnToolsVersion = 9.3;
					};
					AA76745420FB6D1A004EE181 = {
						CreatedOnToolsVersion = 9.3;
						TestTargetID = AA76743D20FB6D18004EE181;
					};
				};
			};
			buildConfigurationList = AA76743920FB6D18004EE181 /* Build configuration list for PBXProject "Seat Solver" */;
			compatibilityVersion = "Xcode 9.3";
			developmentRegion = en;
			hasScannedForEncodings = 0;
			knownRegions = (
				en,
				Base,
			);
			mainGroup = AA76743520FB6D18004EE181;
			productRefGroup = AA76743F20FB6D18004EE181 /* Products */;
			projectDirPath = "";
			projectRoot = "";
			targets = (
				AA76743D20FB6D18004EE181 /* Seat Solver */,
				AA76745420FB6D1A004EE181 /* Seat SolverTests */,
			);
		};
/* End PBXProject section */

/* Begin PBXResourcesBuildPhase section */
		AA76743C20FB6D18004EE181 /* Resources */ = {
			isa = PBXResourcesBuildPhase;
			buildActionMask = 2147483647;
			files = (
				AA76747520FB6D5C004EE181 /* Main.storyboard in Resources */,
				AA76747B20FB6EFE004EE181 /* DemoData.csv in Resources */,
				AA76747320FB6D5C004EE181 /* Assets.xcassets in Resources */,
				AA76747420FB6D5C004EE181 /* LaunchScreen.storyboard in Resources */,
			);
			runOnlyForDeploymentPostprocessing = 0;
		};
		AA76745320FB6D1A004EE181 /* Resources */ = {
			isa = PBXResourcesBuildPhase;
			buildActionMask = 2147483647;
			files = (
			);
			runOnlyForDeploymentPostprocessing = 0;
		};
/* End PBXResourcesBuildPhase section */

/* Begin PBXSourcesBuildPhase section */
		AA76743A20FB6D18004EE181 /* Sources */ = {
			isa = PBXSourcesBuildPhase;
			buildActionMask = 2147483647;
			files = (
				AA76747720FB6D5C004EE181 /* AppDelegate.swift in Sources */,
				AA76747220FB6D5C004EE181 /* ViewController.swift in Sources */,
				AA76747620FB6D5C004EE181 /* Seat_Solver.xcdatamodeld in Sources */,
			);
			runOnlyForDeploymentPostprocessing = 0;
		};
		AA76745120FB6D1A004EE181 /* Sources */ = {
			isa = PBXSourcesBuildPhase;
			buildActionMask = 2147483647;
			files = (
				AA76745A20FB6D1A004EE181 /* Seat_SolverTests.swift in Sources */,
			);
			runOnlyForDeploymentPostprocessing = 0;
		};
/* End PBXSourcesBuildPhase section */

/* Begin PBXTargetDependency section */
		AA76745720FB6D1A004EE181 /* PBXTargetDependency */ = {
			isa = PBXTargetDependency;
			target = AA76743D20FB6D18004EE181 /* Seat Solver */;
			targetProxy = AA76745620FB6D1A004EE181 /* PBXContainerItemProxy */;
		};
/* End PBXTargetDependency section */

/* Begin PBXVariantGroup section */
		AA76746820FB6D5C004EE181 /* LaunchScreen.storyboard */ = {
			isa = PBXVariantGroup;
			children = (
				AA76746920FB6D5C004EE181 /* Base */,
			);
			name = LaunchScreen.storyboard;
			sourceTree = "<group>";
		};
		AA76746A20FB6D5C004EE181 /* Main.storyboard */ = {
			isa = PBXVariantGroup;
			children = (
				AA76746B20FB6D5C004EE181 /* Base */,
			);
			name = Main.storyboard;
			sourceTree = "<group>";
		};
/* End PBXVariantGroup section */

/* Begin XCBuildConfiguration section */
		AA76745C20FB6D1A004EE181 /* Debug */ = {
			isa = XCBuildConfiguration;
			buildSettings = {
				ALWAYS_SEARCH_USER_PATHS = NO;
				CLANG_ANALYZER_NONNULL = YES;
				CLANG_ANALYZER_NUMBER_OBJECT_CONVERSION = YES_AGGRESSIVE;
				CLANG_CXX_LANGUAGE_STANDARD = "gnu++14";
				CLANG_CXX_LIBRARY = "libc++";
				CLANG_ENABLE_MODULES = YES;
				CLANG_ENABLE_OBJC_ARC = YES;
				CLANG_ENABLE_OBJC_WEAK = YES;
				CLANG_WARN_BLOCK_CAPTURE_AUTORELEASING = YES;
				CLANG_WARN_BOOL_CONVERSION = YES;
				CLANG_WARN_COMMA = YES;
				CLANG_WARN_CONSTANT_CONVERSION = YES;
				CLANG_WARN_DEPRECATED_OBJC_IMPLEMENTATIONS = YES;
				CLANG_WARN_DIRECT_OBJC_ISA_USAGE = YES_ERROR;
				CLANG_WARN_DOCUMENTATION_COMMENTS = YES;
				CLANG_WARN_EMPTY_BODY = YES;
				CLANG_WARN_ENUM_CONVERSION = YES;
				CLANG_WARN_INFINITE_RECURSION = YES;
				CLANG_WARN_INT_CONVERSION = YES;
				CLANG_WARN_NON_LITERAL_NULL_CONVERSION = YES;
				CLANG_WARN_OBJC_IMPLICIT_RETAIN_SELF = YES;
				CLANG_WARN_OBJC_LITERAL_CONVERSION = YES;
				CLANG_WARN_OBJC_ROOT_CLASS = YES_ERROR;
				CLANG_WARN_RANGE_LOOP_ANALYSIS = YES;
				CLANG_WARN_STRICT_PROTOTYPES = YES;
				CLANG_WARN_SUSPICIOUS_MOVE = YES;
				CLANG_WARN_UNGUARDED_AVAILABILITY = YES_AGGRESSIVE;
				CLANG_WARN_UNREACHABLE_CODE = YES;
				CLANG_WARN__DUPLICATE_METHOD_MATCH = YES;
				CODE_SIGN_IDENTITY = "iPhone Developer";
				COPY_PHASE_STRIP = NO;
				DEBUG_INFORMATION_FORMAT = dwarf;
				ENABLE_STRICT_OBJC_MSGSEND = YES;
				ENABLE_TESTABILITY = YES;
				GCC_C_LANGUAGE_STANDARD = gnu11;
				GCC_DYNAMIC_NO_PIC = NO;
				GCC_NO_COMMON_BLOCKS = YES;
				GCC_OPTIMIZATION_LEVEL = 0;
				GCC_PREPROCESSOR_DEFINITIONS = (
					"DEBUG=1",
					"$(inherited)",
				);
				GCC_WARN_64_TO_32_BIT_CONVERSION = YES;
				GCC_WARN_ABOUT_RETURN_TYPE = YES_ERROR;
				GCC_WARN_UNDECLARED_SELECTOR = YES;
				GCC_WARN_UNINITIALIZED_AUTOS = YES_AGGRESSIVE;
				GCC_WARN_UNUSED_FUNCTION = YES;
				GCC_WARN_UNUSED_VARIABLE = YES;
				IPHONEOS_DEPLOYMENT_TARGET = 11.3;
				MTL_ENABLE_DEBUG_INFO = YES;
				ONLY_ACTIVE_ARCH = YES;
				SDKROOT = iphoneos;
				SWIFT_ACTIVE_COMPILATION_CONDITIONS = DEBUG;
				SWIFT_OPTIMIZATION_LEVEL = "-Onone";
			};
			name = Debug;
		};
		AA76745D20FB6D1A004EE181 /* Release */ = {
			isa = XCBuildConfiguration;
			buildSettings = {
				ALWAYS_SEARCH_USER_PATHS = NO;
				CLANG_ANALYZER_NONNULL = YES;
				CLANG_ANALYZER_NUMBER_OBJECT_CONVERSION = YES_AGGRESSIVE;
				CLANG_CXX_LANGUAGE_STANDARD = "gnu++14";
				CLANG_CXX_LIBRARY = "libc++";
				CLANG_ENABLE_MODULES = YES;
				CLANG_ENABLE_OBJC_ARC = YES;
				CLANG_ENABLE_OBJC_WEAK = YES;
				CLANG_WARN_BLOCK_CAPTURE_AUTORELEASING = YES;
				CLANG_WARN_BOOL_CONVERSION = YES;
				CLANG_WARN_COMMA = YES;
				CLANG_WARN_CONSTANT_CONVERSION = YES;
				CLANG_WARN_DEPRECATED_OBJC_IMPLEMENTATIONS = YES;
				CLANG_WARN_DIRECT_OBJC_ISA_USAGE = YES_ERROR;
				CLANG_WARN_DOCUMENTATION_COMMENTS = YES;
				CLANG_WARN_EMPTY_BODY = YES;
				CLANG_WARN_ENUM_CONVERSION = YES;
				CLANG_WARN_INFINITE_RECURSION = YES;
				CLANG_WARN_INT_CONVERSION = YES;
				CLANG_WARN_NON_LITERAL_NULL_CONVERSION = YES;
				CLANG_WARN_OBJC_IMPLICIT_RETAIN_SELF = YES;
				CLANG_WARN_OBJC_LITERAL_CONVERSION = YES;
				CLANG_WARN_OBJC_ROOT_CLASS = YES_ERROR;
				CLANG_WARN_RANGE_LOOP_ANALYSIS = YES;
				CLANG_WARN_STRICT_PROTOTYPES = YES;
				CLANG_WARN_SUSPICIOUS_MOVE = YES;
				CLANG_WARN_UNGUARDED_AVAILABILITY = YES_AGGRESSIVE;
				CLANG_WARN_UNREACHABLE_CODE = YES;
				CLANG_WARN__DUPLICATE_METHOD_MATCH = YES;
				CODE_SIGN_IDENTITY = "iPhone Developer";
				COPY_PHASE_STRIP = NO;
				DEBUG_INFORMATION_FORMAT = "dwarf-with-dsym";
				ENABLE_NS_ASSERTIONS = NO;
				ENABLE_STRICT_OBJC_MSGSEND = YES;
				GCC_C_LANGUAGE_STANDARD = gnu11;
				GCC_NO_COMMON_BLOCKS = YES;
				GCC_WARN_64_TO_32_BIT_CONVERSION = YES;
				GCC_WARN_ABOUT_RETURN_TYPE = YES_ERROR;
				GCC_WARN_UNDECLARED_SELECTOR = YES;
				GCC_WARN_UNINITIALIZED_AUTOS = YES_AGGRESSIVE;
				GCC_WARN_UNUSED_FUNCTION = YES;
				GCC_WARN_UNUSED_VARIABLE = YES;
				IPHONEOS_DEPLOYMENT_TARGET = 11.3;
				MTL_ENABLE_DEBUG_INFO = NO;
				SDKROOT = iphoneos;
				SWIFT_COMPILATION_MODE = wholemodule;
				SWIFT_OPTIMIZATION_LEVEL = "-O";
				VALIDATE_PRODUCT = YES;
			};
			name = Release;
		};
		AA76745F20FB6D1A004EE181 /* Debug */ = {
			isa = XCBuildConfiguration;
			buildSettings = {
				ASSETCATALOG_COMPILER_APPICON_NAME = AppIcon;
				CODE_SIGN_STYLE = Automatic;
				DEVELOPMENT_TEAM = 74C5SG6832;
				INFOPLIST_FILE = "$(SRCROOT)/Seat Solver/Application/Info.plist";
				LD_RUNPATH_SEARCH_PATHS = (
					"$(inherited)",
					"@executable_path/Frameworks",
				);
				PRODUCT_BUNDLE_IDENTIFIER = "com.bienprogramming.Seat-Solver";
				PRODUCT_NAME = "$(TARGET_NAME)";
				SWIFT_VERSION = 4.0;
				TARGETED_DEVICE_FAMILY = "1,2";
			};
			name = Debug;
		};
		AA76746020FB6D1A004EE181 /* Release */ = {
			isa = XCBuildConfiguration;
			buildSettings = {
				ASSETCATALOG_COMPILER_APPICON_NAME = AppIcon;
				CODE_SIGN_STYLE = Automatic;
				DEVELOPMENT_TEAM = 74C5SG6832;
				INFOPLIST_FILE = "$(SRCROOT)/Seat Solver/Application/Info.plist";
				LD_RUNPATH_SEARCH_PATHS = (
					"$(inherited)",
					"@executable_path/Frameworks",
				);
				PRODUCT_BUNDLE_IDENTIFIER = "com.bienprogramming.Seat-Solver";
				PRODUCT_NAME = "$(TARGET_NAME)";
				SWIFT_VERSION = 4.0;
				TARGETED_DEVICE_FAMILY = "1,2";
			};
			name = Release;
		};
		AA76746220FB6D1A004EE181 /* Debug */ = {
			isa = XCBuildConfiguration;
			buildSettings = {
				ALWAYS_EMBED_SWIFT_STANDARD_LIBRARIES = YES;
				BUNDLE_LOADER = "$(TEST_HOST)";
				CODE_SIGN_STYLE = Automatic;
				DEVELOPMENT_TEAM = 74C5SG6832;
				INFOPLIST_FILE = "Seat SolverTests/Info.plist";
				LD_RUNPATH_SEARCH_PATHS = (
					"$(inherited)",
					"@executable_path/Frameworks",
					"@loader_path/Frameworks",
				);
				PRODUCT_BUNDLE_IDENTIFIER = "com.bienprogramming.Seat-SolverTests";
				PRODUCT_NAME = "$(TARGET_NAME)";
				SWIFT_VERSION = 4.0;
				TARGETED_DEVICE_FAMILY = "1,2";
				TEST_HOST = "$(BUILT_PRODUCTS_DIR)/Seat Solver.app/Seat Solver";
			};
			name = Debug;
		};
		AA76746320FB6D1A004EE181 /* Release */ = {
			isa = XCBuildConfiguration;
			buildSettings = {
				ALWAYS_EMBED_SWIFT_STANDARD_LIBRARIES = YES;
				BUNDLE_LOADER = "$(TEST_HOST)";
				CODE_SIGN_STYLE = Automatic;
				DEVELOPMENT_TEAM = 74C5SG6832;
				INFOPLIST_FILE = "Seat SolverTests/Info.plist";
				LD_RUNPATH_SEARCH_PATHS = (
					"$(inherited)",
					"@executable_path/Frameworks",
					"@loader_path/Frameworks",
				);
				PRODUCT_BUNDLE_IDENTIFIER = "com.bienprogramming.Seat-SolverTests";
				PRODUCT_NAME = "$(TARGET_NAME)";
				SWIFT_VERSION = 4.0;
				TARGETED_DEVICE_FAMILY = "1,2";
				TEST_HOST = "$(BUILT_PRODUCTS_DIR)/Seat Solver.app/Seat Solver";
			};
			name = Release;
		};
/* End XCBuildConfiguration section */

/* Begin XCConfigurationList section */
		AA76743920FB6D18004EE181 /* Build configuration list for PBXProject "Seat Solver" */ = {
			isa = XCConfigurationList;
			buildConfigurations = (
				AA76745C20FB6D1A004EE181 /* Debug */,
				AA76745D20FB6D1A004EE181 /* Release */,
			);
			defaultConfigurationIsVisible = 0;
			defaultConfigurationName = Release;
		};
		AA76745E20FB6D1A004EE181 /* Build configuration list for PBXNativeTarget "Seat Solver" */ = {
			isa = XCConfigurationList;
			buildConfigurations = (
				AA76745F20FB6D1A004EE181 /* Debug */,
				AA76746020FB6D1A004EE181 /* Release */,
			);
			defaultConfigurationIsVisible = 0;
			defaultConfigurationName = Release;
		};
		AA76746120FB6D1A004EE181 /* Build configuration list for PBXNativeTarget "Seat SolverTests" */ = {
			isa = XCConfigurationList;
			buildConfigurations = (
				AA76746220FB6D1A004EE181 /* Debug */,
				AA76746320FB6D1A004EE181 /* Release */,
			);
			defaultConfigurationIsVisible = 0;
			defaultConfigurationName = Release;
		};
/* End XCConfigurationList section */

/* Begin XCVersionGroup section */
		AA76746D20FB6D5C004EE181 /* Seat_Solver.xcdatamodeld */ = {
			isa = XCVersionGroup;
			children = (
				AA76746E20FB6D5C004EE181 /* Seat_Solver.xcdatamodel */,
			);
			currentVersion = AA76746E20FB6D5C004EE181 /* Seat_Solver.xcdatamodel */;
			path = Seat_Solver.xcdatamodeld;
			sourceTree = "<group>";
			versionGroupType = wrapper.xcdatamodel;
		};
/* End XCVersionGroup section */
	};
	rootObject = AA76743620FB6D18004EE181 /* Project object */;
}
